
Microsoft Visual Studio Solution File, Format Version 12.00
# Visual Studio Version 16
VisualStudioVersion = 16.0.30225.117
MinimumVisualStudioVersion = 10.0.40219.1
Project("{FAE04EC0-301F-11D3-BF4B-00C04F79EFBC}") = "simple_wallet", "simple_wallet\simple_wallet.csproj", "{ABE2A8B9-4831-43CE-ADCB-31CC7B32E4B9}"
EndProject
Global
	GlobalSection(SolutionConfigurationPlatforms) = preSolution
		Debug|Any CPU = Debug|Any CPU
		Release|Any CPU = Release|Any CPU
	EndGlobalSection
	GlobalSection(ProjectConfigurationPlatforms) = postSolution
		{ABE2A8B9-4831-43CE-ADCB-31CC7B32E4B9}.Debug|Any CPU.ActiveCfg = Debug|Any CPU
		{ABE2A8B9-4831-43CE-ADCB-31CC7B32E4B9}.Debug|Any CPU.Build.0 = Debug|Any CPU
		{ABE2A8B9-4831-43CE-ADCB-31CC7B32E4B9}.Release|Any CPU.ActiveCfg = Release|Any CPU
		{ABE2A8B9-4831-43CE-ADCB-31CC7B32E4B9}.Release|Any CPU.Build.0 = Release|Any CPU
	EndGlobalSection
	GlobalSection(SolutionProperties) = preSolution
		HideSolutionNode = FALSE
	EndGlobalSection
	GlobalSection(ExtensibilityGlobals) = postSolution
		SolutionGuid = {C5D5206E-BC8A-4C01-A1F7-C61C79305715}
	EndGlobalSection
EndGlobal
