
Microsoft Visual Studio Solution File, Format Version 12.00
# Visual Studio Version 16
VisualStudioVersion = 16.0.30225.117
MinimumVisualStudioVersion = 10.0.40219.1
Project("{FAE04EC0-301F-11D3-BF4B-00C04F79EFBC}") = "Random_Fractional", "Random_Fractional\Random_Fractional.csproj", "{B3E90F60-A8AD-41A3-9615-5B84295BDF23}"
EndProject
Global
	GlobalSection(SolutionConfigurationPlatforms) = preSolution
		Debug|Any CPU = Debug|Any CPU
		Release|Any CPU = Release|Any CPU
	EndGlobalSection
	GlobalSection(ProjectConfigurationPlatforms) = postSolution
		{B3E90F60-A8AD-41A3-9615-5B84295BDF23}.Debug|Any CPU.ActiveCfg = Debug|Any CPU
		{B3E90F60-A8AD-41A3-9615-5B84295BDF23}.Debug|Any CPU.Build.0 = Debug|Any CPU
		{B3E90F60-A8AD-41A3-9615-5B84295BDF23}.Release|Any CPU.ActiveCfg = Release|Any CPU
		{B3E90F60-A8AD-41A3-9615-5B84295BDF23}.Release|Any CPU.Build.0 = Release|Any CPU
	EndGlobalSection
	GlobalSection(SolutionProperties) = preSolution
		HideSolutionNode = FALSE
	EndGlobalSection
	GlobalSection(ExtensibilityGlobals) = postSolution
		SolutionGuid = {E0F0076B-0AC9-4ED0-9A10-EAE63686E35E}
	EndGlobalSection
EndGlobal
